
Microsoft Visual Studio Solution File, Format Version 12.00
Project("{FAE04EC0-301F-11D3-BF4B-00C04F79EFBC}") = "LActionReplacer", "LActionReplacer\LActionReplacer.csproj", "{DC13EA53-025D-42ED-88B6-214CF05F6BAA}"
EndProject
Global
	GlobalSection(SolutionConfigurationPlatforms) = preSolution
		Debug|Any CPU = Debug|Any CPU
		Release|Any CPU = Release|Any CPU
	EndGlobalSection
	GlobalSection(ProjectConfigurationPlatforms) = postSolution
		{DC13EA53-025D-42ED-88B6-214CF05F6BAA}.Debug|Any CPU.ActiveCfg = Debug|Any CPU
		{DC13EA53-025D-42ED-88B6-214CF05F6BAA}.Debug|Any CPU.Build.0 = Debug|Any CPU
		{DC13EA53-025D-42ED-88B6-214CF05F6BAA}.Release|Any CPU.ActiveCfg = Release|Any CPU
		{DC13EA53-025D-42ED-88B6-214CF05F6BAA}.Release|Any CPU.Build.0 = Release|Any CPU
	EndGlobalSection
EndGlobal
